
Microsoft Visual Studio Solution File, Format Version 12.00
# Visual Studio Version 16
VisualStudioVersion = 16.0.31410.357
MinimumVisualStudioVersion = 10.0.40219.1
Project("{FAE04EC0-301F-11D3-BF4B-00C04F79EFBC}") = "EmulatorSaintSeiya", "EmulatorSaintSeiya\EmulatorSaintSeiya.csproj", "{032D7FC7-4577-4545-8DCD-7031B30A66D0}"
EndProject
Global
	GlobalSection(SolutionConfigurationPlatforms) = preSolution
		Debug|Any CPU = Debug|Any CPU
		Release|Any CPU = Release|Any CPU
	EndGlobalSection
	GlobalSection(ProjectConfigurationPlatforms) = postSolution
		{032D7FC7-4577-4545-8DCD-7031B30A66D0}.Debug|Any CPU.ActiveCfg = Debug|Any CPU
		{032D7FC7-4577-4545-8DCD-7031B30A66D0}.Debug|Any CPU.Build.0 = Debug|Any CPU
		{032D7FC7-4577-4545-8DCD-7031B30A66D0}.Release|Any CPU.ActiveCfg = Release|Any CPU
		{032D7FC7-4577-4545-8DCD-7031B30A66D0}.Release|Any CPU.Build.0 = Release|Any CPU
	EndGlobalSection
	GlobalSection(SolutionProperties) = preSolution
		HideSolutionNode = FALSE
	EndGlobalSection
	GlobalSection(ExtensibilityGlobals) = postSolution
		SolutionGuid = {C12D7CF1-E04B-41FE-903A-8B34CCAFBB80}
	EndGlobalSection
EndGlobal
